
Microsoft Visual Studio Solution File, Format Version 12.00
# Visual Studio Version 17
VisualStudioVersion = 17.10.35013.160
MinimumVisualStudioVersion = 10.0.40219.1
Project("{FAE04EC0-301F-11D3-BF4B-00C04F79EFBC}") = "BTFTool", "BTFTool.csproj", "{FF8A4506-7E62-492A-9A1D-8E5225A39D74}"
EndProject
Global
	GlobalSection(SolutionConfigurationPlatforms) = preSolution
		Debug|Any CPU = Debug|Any CPU
		Release|Any CPU = Release|Any CPU
	EndGlobalSection
	GlobalSection(ProjectConfigurationPlatforms) = postSolution
		{FF8A4506-7E62-492A-9A1D-8E5225A39D74}.Debug|Any CPU.ActiveCfg = Debug|Any CPU
		{FF8A4506-7E62-492A-9A1D-8E5225A39D74}.Debug|Any CPU.Build.0 = Debug|Any CPU
		{FF8A4506-7E62-492A-9A1D-8E5225A39D74}.Release|Any CPU.ActiveCfg = Release|Any CPU
		{FF8A4506-7E62-492A-9A1D-8E5225A39D74}.Release|Any CPU.Build.0 = Release|Any CPU
	EndGlobalSection
	GlobalSection(SolutionProperties) = preSolution
		HideSolutionNode = FALSE
	EndGlobalSection
	GlobalSection(ExtensibilityGlobals) = postSolution
		SolutionGuid = {848A3046-BA17-4B5F-9321-2575D823EE64}
	EndGlobalSection
EndGlobal
